// !$*UTF8*$!
{
	archiveVersion = 1;
	classes = {
	};
	objectVersion = 46;
	objects = {

/* Begin PBXBuildFile section */
		7D3A806C1C964D86005A5DED /* NDJSCoreBridgeIndex.html in Resources */ = {isa = PBXBuildFile; fileRef = 7D3A806B1C964D86005A5DED /* NDJSCoreBridgeIndex.html */; };
		7D3A806F1C964DB2005A5DED /* NDJSCoreBridgeViewController.m in Sources */ = {isa = PBXBuildFile; fileRef = 7D3A806E1C964DB2005A5DED /* NDJSCoreBridgeViewController.m */; };
		7D8952801C8ECD73003F2ECD /* main.m in Sources */ = {isa = PBXBuildFile; fileRef = 7D89527F1C8ECD73003F2ECD /* main.m */; };
		7D8952831C8ECD73003F2ECD /* AppDelegate.m in Sources */ = {isa = PBXBuildFile; fileRef = 7D8952821C8ECD73003F2ECD /* AppDelegate.m */; };
		7D8952891C8ECD73003F2ECD /* Main.storyboard in Resources */ = {isa = PBXBuildFile; fileRef = 7D8952871C8ECD73003F2ECD /* Main.storyboard */; };
		7D89528B1C8ECD73003F2ECD /* Assets.xcassets in Resources */ = {isa = PBXBuildFile; fileRef = 7D89528A1C8ECD73003F2ECD /* Assets.xcassets */; };
		7D89528E1C8ECD73003F2ECD /* LaunchScreen.storyboard in Resources */ = {isa = PBXBuildFile; fileRef = 7D89528C1C8ECD73003F2ECD /* LaunchScreen.storyboard */; };
		7D8952991C8ECD73003F2ECD /* NDH5ToNativeTests.m in Sources */ = {isa = PBXBuildFile; fileRef = 7D8952981C8ECD73003F2ECD /* NDH5ToNativeTests.m */; };
		7D8952A41C8ECD73003F2ECD /* NDH5ToNativeUITests.m in Sources */ = {isa = PBXBuildFile; fileRef = 7D8952A31C8ECD73003F2ECD /* NDH5ToNativeUITests.m */; };
		7DF4BE721C912475000997DC /* NDCustomBridgeIndex.html in Resources */ = {isa = PBXBuildFile; fileRef = 7DF4BE621C912475000997DC /* NDCustomBridgeIndex.html */; };
		7DF4BE731C912475000997DC /* NDCustomBridgeViewController.m in Sources */ = {isa = PBXBuildFile; fileRef = 7DF4BE641C912475000997DC /* NDCustomBridgeViewController.m */; };
		7DF4BE741C912475000997DC /* NDWebViewJavascriptBridgeIndex.html in Resources */ = {isa = PBXBuildFile; fileRef = 7DF4BE661C912475000997DC /* NDWebViewJavascriptBridgeIndex.html */; };
		7DF4BE751C912475000997DC /* NDWebViewJavascriptBridgeViewController.m in Sources */ = {isa = PBXBuildFile; fileRef = 7DF4BE681C912475000997DC /* NDWebViewJavascriptBridgeViewController.m */; };
		7DF4BE761C912475000997DC /* WebViewJavascriptBridge.m in Sources */ = {isa = PBXBuildFile; fileRef = 7DF4BE6B1C912475000997DC /* WebViewJavascriptBridge.m */; };
		7DF4BE771C912475000997DC /* WebViewJavascriptBridge_JS.m in Sources */ = {isa = PBXBuildFile; fileRef = 7DF4BE6D1C912475000997DC /* WebViewJavascriptBridge_JS.m */; };
		7DF4BE781C912475000997DC /* WebViewJavascriptBridgeBase.m in Sources */ = {isa = PBXBuildFile; fileRef = 7DF4BE6F1C912475000997DC /* WebViewJavascriptBridgeBase.m */; };
		7DF4BE791C912475000997DC /* WKWebViewJavascriptBridge.m in Sources */ = {isa = PBXBuildFile; fileRef = 7DF4BE711C912475000997DC /* WKWebViewJavascriptBridge.m */; };
/* End PBXBuildFile section */

/* Begin PBXContainerItemProxy section */
		7D8952951C8ECD73003F2ECD /* PBXContainerItemProxy */ = {
			isa = PBXContainerItemProxy;
			containerPortal = 7D8952731C8ECD73003F2ECD /* Project object */;
			proxyType = 1;
			remoteGlobalIDString = 7D89527A1C8ECD73003F2ECD;
			remoteInfo = NDH5ToNative;
		};
		7D8952A01C8ECD73003F2ECD /* PBXContainerItemProxy */ = {
			isa = PBXContainerItemProxy;
			containerPortal = 7D8952731C8ECD73003F2ECD /* Project object */;
			proxyType = 1;
			remoteGlobalIDString = 7D89527A1C8ECD73003F2ECD;
			remoteInfo = NDH5ToNative;
		};
/* End PBXContainerItemProxy section */

/* Begin PBXFileReference section */
		7D3A806B1C964D86005A5DED /* NDJSCoreBridgeIndex.html */ = {isa = PBXFileReference; fileEncoding = 4; lastKnownFileType = text.html; path = NDJSCoreBridgeIndex.html; sourceTree = "<group>"; };
		7D3A806D1C964DB2005A5DED /* NDJSCoreBridgeViewController.h */ = {isa = PBXFileReference; fileEncoding = 4; lastKnownFileType = sourcecode.c.h; path = NDJSCoreBridgeViewController.h; sourceTree = "<group>"; };
		7D3A806E1C964DB2005A5DED /* NDJSCoreBridgeViewController.m */ = {isa = PBXFileReference; fileEncoding = 4; lastKnownFileType = sourcecode.c.objc; path = NDJSCoreBridgeViewController.m; sourceTree = "<group>"; };
		7D89527B1C8ECD73003F2ECD /* NDH5ToNative.app */ = {isa = PBXFileReference; explicitFileType = wrapper.application; includeInIndex = 0; path = NDH5ToNative.app; sourceTree = BUILT_PRODUCTS_DIR; };
		7D89527F1C8ECD73003F2ECD /* main.m */ = {isa = PBXFileReference; lastKnownFileType = sourcecode.c.objc; path = main.m; sourceTree = "<group>"; };
		7D8952811C8ECD73003F2ECD /* AppDelegate.h */ = {isa = PBXFileReference; lastKnownFileType = sourcecode.c.h; path = AppDelegate.h; sourceTree = "<group>"; };
		7D8952821C8ECD73003F2ECD /* AppDelegate.m */ = {isa = PBXFileReference; lastKnownFileType = sourcecode.c.objc; path = AppDelegate.m; sourceTree = "<group>"; };
		7D8952881C8ECD73003F2ECD /* Base */ = {isa = PBXFileReference; lastKnownFileType = file.storyboard; name = Base; path = Base.lproj/Main.storyboard; sourceTree = "<group>"; };
		7D89528A1C8ECD73003F2ECD /* Assets.xcassets */ = {isa = PBXFileReference; lastKnownFileType = folder.assetcatalog; path = Assets.xcassets; sourceTree = "<group>"; };
		7D89528D1C8ECD73003F2ECD /* Base */ = {isa = PBXFileReference; lastKnownFileType = file.storyboard; name = Base; path = Base.lproj/LaunchScreen.storyboard; sourceTree = "<group>"; };
		7D89528F1C8ECD73003F2ECD /* Info.plist */ = {isa = PBXFileReference; lastKnownFileType = text.plist.xml; path = Info.plist; sourceTree = "<group>"; };
		7D8952941C8ECD73003F2ECD /* NDH5ToNativeTests.xctest */ = {isa = PBXFileReference; explicitFileType = wrapper.cfbundle; includeInIndex = 0; path = NDH5ToNativeTests.xctest; sourceTree = BUILT_PRODUCTS_DIR; };
		7D8952981C8ECD73003F2ECD /* NDH5ToNativeTests.m */ = {isa = PBXFileReference; lastKnownFileType = sourcecode.c.objc; path = NDH5ToNativeTests.m; sourceTree = "<group>"; };
		7D89529A1C8ECD73003F2ECD /* Info.plist */ = {isa = PBXFileReference; lastKnownFileType = text.plist.xml; path = Info.plist; sourceTree = "<group>"; };
		7D89529F1C8ECD73003F2ECD /* NDH5ToNativeUITests.xctest */ = {isa = PBXFileReference; explicitFileType = wrapper.cfbundle; includeInIndex = 0; path = NDH5ToNativeUITests.xctest; sourceTree = BUILT_PRODUCTS_DIR; };
		7D8952A31C8ECD73003F2ECD /* NDH5ToNativeUITests.m */ = {isa = PBXFileReference; lastKnownFileType = sourcecode.c.objc; path = NDH5ToNativeUITests.m; sourceTree = "<group>"; };
		7D8952A51C8ECD73003F2ECD /* Info.plist */ = {isa = PBXFileReference; lastKnownFileType = text.plist.xml; path = Info.plist; sourceTree = "<group>"; };
		7DF4BE621C912475000997DC /* NDCustomBridgeIndex.html */ = {isa = PBXFileReference; fileEncoding = 4; lastKnownFileType = text.html; path = NDCustomBridgeIndex.html; sourceTree = "<group>"; };
		7DF4BE631C912475000997DC /* NDCustomBridgeViewController.h */ = {isa = PBXFileReference; fileEncoding = 4; lastKnownFileType = sourcecode.c.h; path = NDCustomBridgeViewController.h; sourceTree = "<group>"; };
		7DF4BE641C912475000997DC /* NDCustomBridgeViewController.m */ = {isa = PBXFileReference; fileEncoding = 4; lastKnownFileType = sourcecode.c.objc; path = NDCustomBridgeViewController.m; sourceTree = "<group>"; };
		7DF4BE661C912475000997DC /* NDWebViewJavascriptBridgeIndex.html */ = {isa = PBXFileReference; fileEncoding = 4; lastKnownFileType = text.html; path = NDWebViewJavascriptBridgeIndex.html; sourceTree = "<group>"; };
		7DF4BE671C912475000997DC /* NDWebViewJavascriptBridgeViewController.h */ = {isa = PBXFileReference; fileEncoding = 4; lastKnownFileType = sourcecode.c.h; path = NDWebViewJavascriptBridgeViewController.h; sourceTree = "<group>"; };
		7DF4BE681C912475000997DC /* NDWebViewJavascriptBridgeViewController.m */ = {isa = PBXFileReference; fileEncoding = 4; lastKnownFileType = sourcecode.c.objc; path = NDWebViewJavascriptBridgeViewController.m; sourceTree = "<group>"; };
		7DF4BE6A1C912475000997DC /* WebViewJavascriptBridge.h */ = {isa = PBXFileReference; fileEncoding = 4; lastKnownFileType = sourcecode.c.h; path = WebViewJavascriptBridge.h; sourceTree = "<group>"; };
		7DF4BE6B1C912475000997DC /* WebViewJavascriptBridge.m */ = {isa = PBXFileReference; fileEncoding = 4; lastKnownFileType = sourcecode.c.objc; path = WebViewJavascriptBridge.m; sourceTree = "<group>"; };
		7DF4BE6C1C912475000997DC /* WebViewJavascriptBridge_JS.h */ = {isa = PBXFileReference; fileEncoding = 4; lastKnownFileType = sourcecode.c.h; path = WebViewJavascriptBridge_JS.h; sourceTree = "<group>"; };
		7DF4BE6D1C912475000997DC /* WebViewJavascriptBridge_JS.m */ = {isa = PBXFileReference; fileEncoding = 4; lastKnownFileType = sourcecode.c.objc; path = WebViewJavascriptBridge_JS.m; sourceTree = "<group>"; };
		7DF4BE6E1C912475000997DC /* WebViewJavascriptBridgeBase.h */ = {isa = PBXFileReference; fileEncoding = 4; lastKnownFileType = sourcecode.c.h; path = WebViewJavascriptBridgeBase.h; sourceTree = "<group>"; };
		7DF4BE6F1C912475000997DC /* WebViewJavascriptBridgeBase.m */ = {isa = PBXFileReference; fileEncoding = 4; lastKnownFileType = sourcecode.c.objc; path = WebViewJavascriptBridgeBase.m; sourceTree = "<group>"; };
		7DF4BE701C912475000997DC /* WKWebViewJavascriptBridge.h */ = {isa = PBXFileReference; fileEncoding = 4; lastKnownFileType = sourcecode.c.h; path = WKWebViewJavascriptBridge.h; sourceTree = "<group>"; };
		7DF4BE711C912475000997DC /* WKWebViewJavascriptBridge.m */ = {isa = PBXFileReference; fileEncoding = 4; lastKnownFileType = sourcecode.c.objc; path = WKWebViewJavascriptBridge.m; sourceTree = "<group>"; };
/* End PBXFileReference section */

/* Begin PBXFrameworksBuildPhase section */
		7D8952781C8ECD73003F2ECD /* Frameworks */ = {
			isa = PBXFrameworksBuildPhase;
			buildActionMask = 2147483647;
			files = (
			);
			runOnlyForDeploymentPostprocessing = 0;
		};
		7D8952911C8ECD73003F2ECD /* Frameworks */ = {
			isa = PBXFrameworksBuildPhase;
			buildActionMask = 2147483647;
			files = (
			);
			runOnlyForDeploymentPostprocessing = 0;
		};
		7D89529C1C8ECD73003F2ECD /* Frameworks */ = {
			isa = PBXFrameworksBuildPhase;
			buildActionMask = 2147483647;
			files = (
			);
			runOnlyForDeploymentPostprocessing = 0;
		};
/* End PBXFrameworksBuildPhase section */

/* Begin PBXGroup section */
		7D3A806A1C964D86005A5DED /* NDJSCoreBridgeViewController */ = {
			isa = PBXGroup;
			children = (
				7D3A806B1C964D86005A5DED /* NDJSCoreBridgeIndex.html */,
				7D3A806D1C964DB2005A5DED /* NDJSCoreBridgeViewController.h */,
				7D3A806E1C964DB2005A5DED /* NDJSCoreBridgeViewController.m */,
			);
			path = NDJSCoreBridgeViewController;
			sourceTree = "<group>";
		};
		7D8952721C8ECD73003F2ECD = {
			isa = PBXGroup;
			children = (
				7D89527D1C8ECD73003F2ECD /* NDH5ToNative */,
				7D8952971C8ECD73003F2ECD /* NDH5ToNativeTests */,
				7D8952A21C8ECD73003F2ECD /* NDH5ToNativeUITests */,
				7D89527C1C8ECD73003F2ECD /* Products */,
			);
			sourceTree = "<group>";
		};
		7D89527C1C8ECD73003F2ECD /* Products */ = {
			isa = PBXGroup;
			children = (
				7D89527B1C8ECD73003F2ECD /* NDH5ToNative.app */,
				7D8952941C8ECD73003F2ECD /* NDH5ToNativeTests.xctest */,
				7D89529F1C8ECD73003F2ECD /* NDH5ToNativeUITests.xctest */,
			);
			name = Products;
			sourceTree = "<group>";
		};
		7D89527D1C8ECD73003F2ECD /* NDH5ToNative */ = {
			isa = PBXGroup;
			children = (
				7DF4BE651C912475000997DC /* NDWebViewJavascriptBridgeViewController */,
				7DF4BE611C912475000997DC /* NDCustomBridgeViewController */,
				7D3A806A1C964D86005A5DED /* NDJSCoreBridgeViewController */,
				7D8952811C8ECD73003F2ECD /* AppDelegate.h */,
				7D8952821C8ECD73003F2ECD /* AppDelegate.m */,
				7D8952871C8ECD73003F2ECD /* Main.storyboard */,
				7D89528A1C8ECD73003F2ECD /* Assets.xcassets */,
				7D89528C1C8ECD73003F2ECD /* LaunchScreen.storyboard */,
				7D89528F1C8ECD73003F2ECD /* Info.plist */,
				7D89527E1C8ECD73003F2ECD /* Supporting Files */,
			);
			path = NDH5ToNative;
			sourceTree = "<group>";
		};
		7D89527E1C8ECD73003F2ECD /* Supporting Files */ = {
			isa = PBXGroup;
			children = (
				7D89527F1C8ECD73003F2ECD /* main.m */,
			);
			name = "Supporting Files";
			sourceTree = "<group>";
		};
		7D8952971C8ECD73003F2ECD /* NDH5ToNativeTests */ = {
			isa = PBXGroup;
			children = (
				7D8952981C8ECD73003F2ECD /* NDH5ToNativeTests.m */,
				7D89529A1C8ECD73003F2ECD /* Info.plist */,
			);
			path = NDH5ToNativeTests;
			sourceTree = "<group>";
		};
		7D8952A21C8ECD73003F2ECD /* NDH5ToNativeUITests */ = {
			isa = PBXGroup;
			children = (
				7D8952A31C8ECD73003F2ECD /* NDH5ToNativeUITests.m */,
				7D8952A51C8ECD73003F2ECD /* Info.plist */,
			);
			path = NDH5ToNativeUITests;
			sourceTree = "<group>";
		};
		7DF4BE611C912475000997DC /* NDCustomBridgeViewController */ = {
			isa = PBXGroup;
			children = (
				7DF4BE621C912475000997DC /* NDCustomBridgeIndex.html */,
				7DF4BE631C912475000997DC /* NDCustomBridgeViewController.h */,
				7DF4BE641C912475000997DC /* NDCustomBridgeViewController.m */,
			);
			path = NDCustomBridgeViewController;
			sourceTree = "<group>";
		};
		7DF4BE651C912475000997DC /* NDWebViewJavascriptBridgeViewController */ = {
			isa = PBXGroup;
			children = (
				7DF4BE661C912475000997DC /* NDWebViewJavascriptBridgeIndex.html */,
				7DF4BE671C912475000997DC /* NDWebViewJavascriptBridgeViewController.h */,
				7DF4BE681C912475000997DC /* NDWebViewJavascriptBridgeViewController.m */,
				7DF4BE691C912475000997DC /* WebViewJavascriptBridge */,
			);
			path = NDWebViewJavascriptBridgeViewController;
			sourceTree = "<group>";
		};
		7DF4BE691C912475000997DC /* WebViewJavascriptBridge */ = {
			isa = PBXGroup;
			children = (
				7DF4BE6A1C912475000997DC /* WebViewJavascriptBridge.h */,
				7DF4BE6B1C912475000997DC /* WebViewJavascriptBridge.m */,
				7DF4BE6C1C912475000997DC /* WebViewJavascriptBridge_JS.h */,
				7DF4BE6D1C912475000997DC /* WebViewJavascriptBridge_JS.m */,
				7DF4BE6E1C912475000997DC /* WebViewJavascriptBridgeBase.h */,
				7DF4BE6F1C912475000997DC /* WebViewJavascriptBridgeBase.m */,
				7DF4BE701C912475000997DC /* WKWebViewJavascriptBridge.h */,
				7DF4BE711C912475000997DC /* WKWebViewJavascriptBridge.m */,
			);
			path = WebViewJavascriptBridge;
			sourceTree = "<group>";
		};
/* End PBXGroup section */

/* Begin PBXNativeTarget section */
		7D89527A1C8ECD73003F2ECD /* NDH5ToNative */ = {
			isa = PBXNativeTarget;
			buildConfigurationList = 7D8952A81C8ECD73003F2ECD /* Build configuration list for PBXNativeTarget "NDH5ToNative" */;
			buildPhases = (
				7D8952771C8ECD73003F2ECD /* Sources */,
				7D8952781C8ECD73003F2ECD /* Frameworks */,
				7D8952791C8ECD73003F2ECD /* Resources */,
			);
			buildRules = (
			);
			dependencies = (
			);
			name = NDH5ToNative;
			productName = NDH5ToNative;
			productReference = 7D89527B1C8ECD73003F2ECD /* NDH5ToNative.app */;
			productType = "com.apple.product-type.application";
		};
		7D8952931C8ECD73003F2ECD /* NDH5ToNativeTests */ = {
			isa = PBXNativeTarget;
			buildConfigurationList = 7D8952AB1C8ECD73003F2ECD /* Build configuration list for PBXNativeTarget "NDH5ToNativeTests" */;
			buildPhases = (
				7D8952901C8ECD73003F2ECD /* Sources */,
				7D8952911C8ECD73003F2ECD /* Frameworks */,
				7D8952921C8ECD73003F2ECD /* Resources */,
			);
			buildRules = (
			);
			dependencies = (
				7D8952961C8ECD73003F2ECD /* PBXTargetDependency */,
			);
			name = NDH5ToNativeTests;
			productName = NDH5ToNativeTests;
			productReference = 7D8952941C8ECD73003F2ECD /* NDH5ToNativeTests.xctest */;
			productType = "com.apple.product-type.bundle.unit-test";
		};
		7D89529E1C8ECD73003F2ECD /* NDH5ToNativeUITests */ = {
			isa = PBXNativeTarget;
			buildConfigurationList = 7D8952AE1C8ECD73003F2ECD /* Build configuration list for PBXNativeTarget "NDH5ToNativeUITests" */;
			buildPhases = (
				7D89529B1C8ECD73003F2ECD /* Sources */,
				7D89529C1C8ECD73003F2ECD /* Frameworks */,
				7D89529D1C8ECD73003F2ECD /* Resources */,
			);
			buildRules = (
			);
			dependencies = (
				7D8952A11C8ECD73003F2ECD /* PBXTargetDependency */,
			);
			name = NDH5ToNativeUITests;
			productName = NDH5ToNativeUITests;
			productReference = 7D89529F1C8ECD73003F2ECD /* NDH5ToNativeUITests.xctest */;
			productType = "com.apple.product-type.bundle.ui-testing";
		};
/* End PBXNativeTarget section */

/* Begin PBXProject section */
		7D8952731C8ECD73003F2ECD /* Project object */ = {
			isa = PBXProject;
			attributes = {
				LastUpgradeCheck = 0720;
				ORGANIZATIONNAME = NDEducation;
				TargetAttributes = {
					7D89527A1C8ECD73003F2ECD = {
						CreatedOnToolsVersion = 7.2.1;
					};
					7D8952931C8ECD73003F2ECD = {
						CreatedOnToolsVersion = 7.2.1;
						TestTargetID = 7D89527A1C8ECD73003F2ECD;
					};
					7D89529E1C8ECD73003F2ECD = {
						CreatedOnToolsVersion = 7.2.1;
						TestTargetID = 7D89527A1C8ECD73003F2ECD;
					};
				};
			};
			buildConfigurationList = 7D8952761C8ECD73003F2ECD /* Build configuration list for PBXProject "NDH5ToNative" */;
			compatibilityVersion = "Xcode 3.2";
			developmentRegion = English;
			hasScannedForEncodings = 0;
			knownRegions = (
				en,
				Base,
			);
			mainGroup = 7D8952721C8ECD73003F2ECD;
			productRefGroup = 7D89527C1C8ECD73003F2ECD /* Products */;
			projectDirPath = "";
			projectRoot = "";
			targets = (
				7D89527A1C8ECD73003F2ECD /* NDH5ToNative */,
				7D8952931C8ECD73003F2ECD /* NDH5ToNativeTests */,
				7D89529E1C8ECD73003F2ECD /* NDH5ToNativeUITests */,
			);
		};
/* End PBXProject section */

/* Begin PBXResourcesBuildPhase section */
		7D8952791C8ECD73003F2ECD /* Resources */ = {
			isa = PBXResourcesBuildPhase;
			buildActionMask = 2147483647;
			files = (
				7D89528E1C8ECD73003F2ECD /* LaunchScreen.storyboard in Resources */,
				7DF4BE741C912475000997DC /* NDWebViewJavascriptBridgeIndex.html in Resources */,
				7D3A806C1C964D86005A5DED /* NDJSCoreBridgeIndex.html in Resources */,
				7DF4BE721C912475000997DC /* NDCustomBridgeIndex.html in Resources */,
				7D89528B1C8ECD73003F2ECD /* Assets.xcassets in Resources */,
				7D8952891C8ECD73003F2ECD /* Main.storyboard in Resources */,
			);
			runOnlyForDeploymentPostprocessing = 0;
		};
		7D8952921C8ECD73003F2ECD /* Resources */ = {
			isa = PBXResourcesBuildPhase;
			buildActionMask = 2147483647;
			files = (
			);
			runOnlyForDeploymentPostprocessing = 0;
		};
		7D89529D1C8ECD73003F2ECD /* Resources */ = {
			isa = PBXResourcesBuildPhase;
			buildActionMask = 2147483647;
			files = (
			);
			runOnlyForDeploymentPostprocessing = 0;
		};
/* End PBXResourcesBuildPhase section */

/* Begin PBXSourcesBuildPhase section */
		7D8952771C8ECD73003F2ECD /* Sources */ = {
			isa = PBXSourcesBuildPhase;
			buildActionMask = 2147483647;
			files = (
				7D8952831C8ECD73003F2ECD /* AppDelegate.m in Sources */,
				7D3A806F1C964DB2005A5DED /* NDJSCoreBridgeViewController.m in Sources */,
				7D8952801C8ECD73003F2ECD /* main.m in Sources */,
				7DF4BE771C912475000997DC /* WebViewJavascriptBridge_JS.m in Sources */,
				7DF4BE751C912475000997DC /* NDWebViewJavascriptBridgeViewController.m in Sources */,
				7DF4BE781C912475000997DC /* WebViewJavascriptBridgeBase.m in Sources */,
				7DF4BE791C912475000997DC /* WKWebViewJavascriptBridge.m in Sources */,
				7DF4BE731C912475000997DC /* NDCustomBridgeViewController.m in Sources */,
				7DF4BE761C912475000997DC /* WebViewJavascriptBridge.m in Sources */,
			);
			runOnlyForDeploymentPostprocessing = 0;
		};
		7D8952901C8ECD73003F2ECD /* Sources */ = {
			isa = PBXSourcesBuildPhase;
			buildActionMask = 2147483647;
			files = (
				7D8952991C8ECD73003F2ECD /* NDH5ToNativeTests.m in Sources */,
			);
			runOnlyForDeploymentPostprocessing = 0;
		};
		7D89529B1C8ECD73003F2ECD /* Sources */ = {
			isa = PBXSourcesBuildPhase;
			buildActionMask = 2147483647;
			files = (
				7D8952A41C8ECD73003F2ECD /* NDH5ToNativeUITests.m in Sources */,
			);
			runOnlyForDeploymentPostprocessing = 0;
		};
/* End PBXSourcesBuildPhase section */

/* Begin PBXTargetDependency section */
		7D8952961C8ECD73003F2ECD /* PBXTargetDependency */ = {
			isa = PBXTargetDependency;
			target = 7D89527A1C8ECD73003F2ECD /* NDH5ToNative */;
			targetProxy = 7D8952951C8ECD73003F2ECD /* PBXContainerItemProxy */;
		};
		7D8952A11C8ECD73003F2ECD /* PBXTargetDependency */ = {
			isa = PBXTargetDependency;
			target = 7D89527A1C8ECD73003F2ECD /* NDH5ToNative */;
			targetProxy = 7D8952A01C8ECD73003F2ECD /* PBXContainerItemProxy */;
		};
/* End PBXTargetDependency section */

/* Begin PBXVariantGroup section */
		7D8952871C8ECD73003F2ECD /* Main.storyboard */ = {
			isa = PBXVariantGroup;
			children = (
				7D8952881C8ECD73003F2ECD /* Base */,
			);
			name = Main.storyboard;
			sourceTree = "<group>";
		};
		7D89528C1C8ECD73003F2ECD /* LaunchScreen.storyboard */ = {
			isa = PBXVariantGroup;
			children = (
				7D89528D1C8ECD73003F2ECD /* Base */,
			);
			name = LaunchScreen.storyboard;
			sourceTree = "<group>";
		};
/* End PBXVariantGroup section */

/* Begin XCBuildConfiguration section */
		7D8952A61C8ECD73003F2ECD /* Debug */ = {
			isa = XCBuildConfiguration;
			buildSettings = {
				ALWAYS_SEARCH_USER_PATHS = NO;
				CLANG_CXX_LANGUAGE_STANDARD = "gnu++0x";
				CLANG_CXX_LIBRARY = "libc++";
				CLANG_ENABLE_MODULES = YES;
				CLANG_ENABLE_OBJC_ARC = YES;
				CLANG_WARN_BOOL_CONVERSION = YES;
				CLANG_WARN_CONSTANT_CONVERSION = YES;
				CLANG_WARN_DIRECT_OBJC_ISA_USAGE = YES_ERROR;
				CLANG_WARN_EMPTY_BODY = YES;
				CLANG_WARN_ENUM_CONVERSION = YES;
				CLANG_WARN_INT_CONVERSION = YES;
				CLANG_WARN_OBJC_ROOT_CLASS = YES_ERROR;
				CLANG_WARN_UNREACHABLE_CODE = YES;
				CLANG_WARN__DUPLICATE_METHOD_MATCH = YES;
				"CODE_SIGN_IDENTITY[sdk=iphoneos*]" = "iPhone Developer";
				COPY_PHASE_STRIP = NO;
				DEBUG_INFORMATION_FORMAT = dwarf;
				ENABLE_STRICT_OBJC_MSGSEND = YES;
				ENABLE_TESTABILITY = YES;
				GCC_C_LANGUAGE_STANDARD = gnu99;
				GCC_DYNAMIC_NO_PIC = NO;
				GCC_NO_COMMON_BLOCKS = YES;
				GCC_OPTIMIZATION_LEVEL = 0;
				GCC_PREPROCESSOR_DEFINITIONS = (
					"DEBUG=1",
					"$(inherited)",
				);
				GCC_WARN_64_TO_32_BIT_CONVERSION = YES;
				GCC_WARN_ABOUT_RETURN_TYPE = YES_ERROR;
				GCC_WARN_UNDECLARED_SELECTOR = YES;
				GCC_WARN_UNINITIALIZED_AUTOS = YES_AGGRESSIVE;
				GCC_WARN_UNUSED_FUNCTION = YES;
				GCC_WARN_UNUSED_VARIABLE = YES;
				IPHONEOS_DEPLOYMENT_TARGET = 9.2;
				MTL_ENABLE_DEBUG_INFO = YES;
				ONLY_ACTIVE_ARCH = YES;
				SDKROOT = iphoneos;
				TARGETED_DEVICE_FAMILY = "1,2";
			};
			name = Debug;
		};
		7D8952A71C8ECD73003F2ECD /* Release */ = {
			isa = XCBuildConfiguration;
			buildSettings = {
				ALWAYS_SEARCH_USER_PATHS = NO;
				CLANG_CXX_LANGUAGE_STANDARD = "gnu++0x";
				CLANG_CXX_LIBRARY = "libc++";
				CLANG_ENABLE_MODULES = YES;
				CLANG_ENABLE_OBJC_ARC = YES;
				CLANG_WARN_BOOL_CONVERSION = YES;
				CLANG_WARN_CONSTANT_CONVERSION = YES;
				CLANG_WARN_DIRECT_OBJC_ISA_USAGE = YES_ERROR;
				CLANG_WARN_EMPTY_BODY = YES;
				CLANG_WARN_ENUM_CONVERSION = YES;
				CLANG_WARN_INT_CONVERSION = YES;
				CLANG_WARN_OBJC_ROOT_CLASS = YES_ERROR;
				CLANG_WARN_UNREACHABLE_CODE = YES;
				CLANG_WARN__DUPLICATE_METHOD_MATCH = YES;
				"CODE_SIGN_IDENTITY[sdk=iphoneos*]" = "iPhone Developer";
				COPY_PHASE_STRIP = NO;
				DEBUG_INFORMATION_FORMAT = "dwarf-with-dsym";
				ENABLE_NS_ASSERTIONS = NO;
				ENABLE_STRICT_OBJC_MSGSEND = YES;
				GCC_C_LANGUAGE_STANDARD = gnu99;
				GCC_NO_COMMON_BLOCKS = YES;
				GCC_WARN_64_TO_32_BIT_CONVERSION = YES;
				GCC_WARN_ABOUT_RETURN_TYPE = YES_ERROR;
				GCC_WARN_UNDECLARED_SELECTOR = YES;
				GCC_WARN_UNINITIALIZED_AUTOS = YES_AGGRESSIVE;
				GCC_WARN_UNUSED_FUNCTION = YES;
				GCC_WARN_UNUSED_VARIABLE = YES;
				IPHONEOS_DEPLOYMENT_TARGET = 9.2;
				MTL_ENABLE_DEBUG_INFO = NO;
				SDKROOT = iphoneos;
				TARGETED_DEVICE_FAMILY = "1,2";
				VALIDATE_PRODUCT = YES;
			};
			name = Release;
		};
		7D8952A91C8ECD73003F2ECD /* Debug */ = {
			isa = XCBuildConfiguration;
			buildSettings = {
				ASSETCATALOG_COMPILER_APPICON_NAME = AppIcon;
				INFOPLIST_FILE = NDH5ToNative/Info.plist;
				LD_RUNPATH_SEARCH_PATHS = "$(inherited) @executable_path/Frameworks";
				PRODUCT_BUNDLE_IDENTIFIER = com.education.nd.NDH5ToNative;
				PRODUCT_NAME = "$(TARGET_NAME)";
			};
			name = Debug;
		};
		7D8952AA1C8ECD73003F2ECD /* Release */ = {
			isa = XCBuildConfiguration;
			buildSettings = {
				ASSETCATALOG_COMPILER_APPICON_NAME = AppIcon;
				INFOPLIST_FILE = NDH5ToNative/Info.plist;
				LD_RUNPATH_SEARCH_PATHS = "$(inherited) @executable_path/Frameworks";
				PRODUCT_BUNDLE_IDENTIFIER = com.education.nd.NDH5ToNative;
				PRODUCT_NAME = "$(TARGET_NAME)";
			};
			name = Release;
		};
		7D8952AC1C8ECD73003F2ECD /* Debug */ = {
			isa = XCBuildConfiguration;
			buildSettings = {
				BUNDLE_LOADER = "$(TEST_HOST)";
				INFOPLIST_FILE = NDH5ToNativeTests/Info.plist;
				LD_RUNPATH_SEARCH_PATHS = "$(inherited) @executable_path/Frameworks @loader_path/Frameworks";
				PRODUCT_BUNDLE_IDENTIFIER = com.education.nd.NDH5ToNativeTests;
				PRODUCT_NAME = "$(TARGET_NAME)";
				TEST_HOST = "$(BUILT_PRODUCTS_DIR)/NDH5ToNative.app/NDH5ToNative";
			};
			name = Debug;
		};
		7D8952AD1C8ECD73003F2ECD /* Release */ = {
			isa = XCBuildConfiguration;
			buildSettings = {
				BUNDLE_LOADER = "$(TEST_HOST)";
				INFOPLIST_FILE = NDH5ToNativeTests/Info.plist;
				LD_RUNPATH_SEARCH_PATHS = "$(inherited) @executable_path/Frameworks @loader_path/Frameworks";
				PRODUCT_BUNDLE_IDENTIFIER = com.education.nd.NDH5ToNativeTests;
				PRODUCT_NAME = "$(TARGET_NAME)";
				TEST_HOST = "$(BUILT_PRODUCTS_DIR)/NDH5ToNative.app/NDH5ToNative";
			};
			name = Release;
		};
		7D8952AF1C8ECD73003F2ECD /* Debug */ = {
			isa = XCBuildConfiguration;
			buildSettings = {
				INFOPLIST_FILE = NDH5ToNativeUITests/Info.plist;
				LD_RUNPATH_SEARCH_PATHS = "$(inherited) @executable_path/Frameworks @loader_path/Frameworks";
				PRODUCT_BUNDLE_IDENTIFIER = com.education.nd.NDH5ToNativeUITests;
				PRODUCT_NAME = "$(TARGET_NAME)";
				TEST_TARGET_NAME = NDH5ToNative;
				USES_XCTRUNNER = YES;
			};
			name = Debug;
		};
		7D8952B01C8ECD73003F2ECD /* Release */ = {
			isa = XCBuildConfiguration;
			buildSettings = {
				INFOPLIST_FILE = NDH5ToNativeUITests/Info.plist;
				LD_RUNPATH_SEARCH_PATHS = "$(inherited) @executable_path/Frameworks @loader_path/Frameworks";
				PRODUCT_BUNDLE_IDENTIFIER = com.education.nd.NDH5ToNativeUITests;
				PRODUCT_NAME = "$(TARGET_NAME)";
				TEST_TARGET_NAME = NDH5ToNative;
				USES_XCTRUNNER = YES;
			};
			name = Release;
		};
/* End XCBuildConfiguration section */

/* Begin XCConfigurationList section */
		7D8952761C8ECD73003F2ECD /* Build configuration list for PBXProject "NDH5ToNative" */ = {
			isa = XCConfigurationList;
			buildConfigurations = (
				7D8952A61C8ECD73003F2ECD /* Debug */,
				7D8952A71C8ECD73003F2ECD /* Release */,
			);
			defaultConfigurationIsVisible = 0;
			defaultConfigurationName = Release;
		};
		7D8952A81C8ECD73003F2ECD /* Build configuration list for PBXNativeTarget "NDH5ToNative" */ = {
			isa = XCConfigurationList;
			buildConfigurations = (
				7D8952A91C8ECD73003F2ECD /* Debug */,
				7D8952AA1C8ECD73003F2ECD /* Release */,
			);
			defaultConfigurationIsVisible = 0;
			defaultConfigurationName = Release;
		};
		7D8952AB1C8ECD73003F2ECD /* Build configuration list for PBXNativeTarget "NDH5ToNativeTests" */ = {
			isa = XCConfigurationList;
			buildConfigurations = (
				7D8952AC1C8ECD73003F2ECD /* Debug */,
				7D8952AD1C8ECD73003F2ECD /* Release */,
			);
			defaultConfigurationIsVisible = 0;
			defaultConfigurationName = Release;
		};
		7D8952AE1C8ECD73003F2ECD /* Build configuration list for PBXNativeTarget "NDH5ToNativeUITests" */ = {
			isa = XCConfigurationList;
			buildConfigurations = (
				7D8952AF1C8ECD73003F2ECD /* Debug */,
				7D8952B01C8ECD73003F2ECD /* Release */,
			);
			defaultConfigurationIsVisible = 0;
			defaultConfigurationName = Release;
		};
/* End XCConfigurationList section */
	};
	rootObject = 7D8952731C8ECD73003F2ECD /* Project object */;
}
